
Microsoft Visual Studio Solution File, Format Version 12.00
# Visual Studio Version 17
VisualStudioVersion = 17.0.31808.319
MinimumVisualStudioVersion = 10.0.40219.1
Project("{8BC9CEB8-8B4A-11D0-8D11-00A0C91BC942}") = "实验1", "第一课\第一课.vcxproj", "{4E0A0AAE-9FD8-420C-9212-679C0EC1A45E}"
EndProject
Project("{8BC9CEB8-8B4A-11D0-8D11-00A0C91BC942}") = "第二课", "第二课\第二课.vcxproj", "{33C91D32-133A-4A10-8A3A-E6101D367B90}"
EndProject
Project("{8BC9CEB8-8B4A-11D0-8D11-00A0C91BC942}") = "计算器", "计算器\计算器.vcxproj", "{74C30B7C-6B58-4372-8E11-43BBE02182A2}"
EndProject
Project("{8BC9CEB8-8B4A-11D0-8D11-00A0C91BC942}") = "8比特以下的变量", "tmp\tmp.vcxproj", "{6A4E7711-EA64-4C0C-9D12-CD8C1CB76A43}"
EndProject
Project("{8BC9CEB8-8B4A-11D0-8D11-00A0C91BC942}") = "大数模板", "tmp2\tmp2.vcxproj", "{11EAE3E8-1989-435D-B285-6D759468E8D7}"
EndProject
Project("{8BC9CEB8-8B4A-11D0-8D11-00A0C91BC942}") = "ctf", "ctf\ctf.vcxproj", "{8510FAA9-FC01-416A-8B51-44C1E6E610DC}"
EndProject
Project("{8BC9CEB8-8B4A-11D0-8D11-00A0C91BC942}") = "链表", "链表\链表.vcxproj", "{7F332767-F288-4F16-B55D-B09E91FC41C6}"
EndProject
Project("{8BC9CEB8-8B4A-11D0-8D11-00A0C91BC942}") = "实验A：数组与结构", "数组与结构\数组与结构.vcxproj", "{A53ADD19-36AE-47B8-BF94-D3A0FD72BB15}"
EndProject
Project("{8BC9CEB8-8B4A-11D0-8D11-00A0C91BC942}") = "实验B：指针", "实验B指针\实验B指针.vcxproj", "{BBB3860F-43F2-42FA-B3B1-BAE85CBBB227}"
EndProject
Project("{8BC9CEB8-8B4A-11D0-8D11-00A0C91BC942}") = "掷骰子", "掷骰子\掷骰子.vcxproj", "{F6EAE571-8028-4BDE-AC6C-032AE6F28593}"
EndProject
Project("{8BC9CEB8-8B4A-11D0-8D11-00A0C91BC942}") = "学籍信息管理", "学籍信息管理\学籍信息管理.vcxproj", "{07E03804-A820-476F-A134-0AE50B420917}"
EndProject
Project("{8BC9CEB8-8B4A-11D0-8D11-00A0C91BC942}") = "sleep_sort", "sleep_sort\sleep_sort.vcxproj", "{F9BAA424-55E6-4879-A540-023A6B92714F}"
EndProject
Project("{8BC9CEB8-8B4A-11D0-8D11-00A0C91BC942}") = "2 to 10 and 10 to 2", "2 to 10 and 10 to 2\2 to 10 and 10 to 2.vcxproj", "{44451E70-1E5E-4760-AE20-0DD350C0D2A7}"
EndProject
Project("{8BC9CEB8-8B4A-11D0-8D11-00A0C91BC942}") = "斐波", "斐波\斐波.vcxproj", "{C157EFFC-3E8A-4E6F-A8CD-E324A8437B34}"
EndProject
Project("{8BC9CEB8-8B4A-11D0-8D11-00A0C91BC942}") = "素数", "素数\素数.vcxproj", "{188720EF-5F43-4D30-8E9D-B200C6D95027}"
EndProject
Project("{8BC9CEB8-8B4A-11D0-8D11-00A0C91BC942}") = "Project1", "Project1\Project1.vcxproj", "{2B7DB93A-BFA0-480E-ADBA-770B0359AEA1}"
EndProject
Project("{8BC9CEB8-8B4A-11D0-8D11-00A0C91BC942}") = "Hanoi", "递归\递归.vcxproj", "{E0CA023B-654E-45DA-B9A4-0F3FEBC2712E}"
EndProject
Project("{8BC9CEB8-8B4A-11D0-8D11-00A0C91BC942}") = "tmp3", "tmp3\tmp3.vcxproj", "{A5275A40-667D-4CAF-9C8E-294E8630774C}"
EndProject
Project("{8BC9CEB8-8B4A-11D0-8D11-00A0C91BC942}") = "extern", "extern\extern.vcxproj", "{28592EB6-ABE7-40C4-9CAA-7FADDB11C924}"
EndProject
Project("{8BC9CEB8-8B4A-11D0-8D11-00A0C91BC942}") = "组合数", "组合数\组合数.vcxproj", "{2BBBD613-678D-4822-B2D2-3EB21F99C82A}"
EndProject
Project("{8BC9CEB8-8B4A-11D0-8D11-00A0C91BC942}") = "快速幂", "快速幂\快速幂.vcxproj", "{C4260B4A-6DB2-41CD-8D0B-349CF3B47CB3}"
EndProject
Project("{8BC9CEB8-8B4A-11D0-8D11-00A0C91BC942}") = "P55Q7", "P55Q7\P55Q7.vcxproj", "{9BF7EA5C-92F0-4E1D-AE05-5C7CB5B431A0}"
EndProject
Project("{8BC9CEB8-8B4A-11D0-8D11-00A0C91BC942}") = "指针函数", "指针函数\指针函数.vcxproj", "{F7830A98-7C32-4E07-B612-BE72E212A7E5}"
EndProject
Project("{8BC9CEB8-8B4A-11D0-8D11-00A0C91BC942}") = "88w", "88w\88w.vcxproj", "{2FC317BC-1CFC-4FCA-8F74-4ECEDB32BDE0}"
EndProject
Project("{8BC9CEB8-8B4A-11D0-8D11-00A0C91BC942}") = "My_sort", "My_sort\My_sort.vcxproj", "{AD5C0CF8-2497-4A63-A0F7-9E40BA850481}"
EndProject
Project("{8BC9CEB8-8B4A-11D0-8D11-00A0C91BC942}") = "Matrix", "Matrix\Matrix.vcxproj", "{C9AD4EBF-3C71-4F49-8275-858448A7F6E8}"
EndProject
Project("{8BC9CEB8-8B4A-11D0-8D11-00A0C91BC942}") = "杨辉3角", "杨辉3角\杨辉3角.vcxproj", "{BBF2A79C-0306-42A8-AE9E-CC9725EE9B8C}"
EndProject
Project("{8BC9CEB8-8B4A-11D0-8D11-00A0C91BC942}") = "tmp4", "tmp4\tmp4.vcxproj", "{68C3C5EC-4CBB-44E4-9132-E8754B2B626E}"
EndProject
Project("{8BC9CEB8-8B4A-11D0-8D11-00A0C91BC942}") = "Book", "tmp5\tmp5.vcxproj", "{109FB0E9-3867-4401-B621-8DF9FB2ADC81}"
EndProject
Project("{8BC9CEB8-8B4A-11D0-8D11-00A0C91BC942}") = "tmp6", "tmp6\tmp6.vcxproj", "{2EE78453-4CDA-4A5F-B464-CC21C32B6CFC}"
EndProject
Project("{8BC9CEB8-8B4A-11D0-8D11-00A0C91BC942}") = "gui", "gui\gui.vcxproj", "{0E349C4E-30FC-430A-9676-A2D64119E13A}"
EndProject
Project("{8BC9CEB8-8B4A-11D0-8D11-00A0C91BC942}") = "gui2", "gui2\gui2.vcxproj", "{47621BAC-4BD6-4D0D-8B07-897F22242E93}"
EndProject
Project("{8BC9CEB8-8B4A-11D0-8D11-00A0C91BC942}") = "继承", "继承\继承.vcxproj", "{2D7FA9D2-3CD5-4174-BCFD-E06FCA0CEFCD}"
EndProject
Project("{8BC9CEB8-8B4A-11D0-8D11-00A0C91BC942}") = "抽象", "抽象\抽象.vcxproj", "{21D6D746-AF1C-418C-AEEB-E6F4FAC1138D}"
EndProject
Global
	GlobalSection(SolutionConfigurationPlatforms) = preSolution
		Debug|x64 = Debug|x64
		Debug|x86 = Debug|x86
		nusafe|x64 = nusafe|x64
		nusafe|x86 = nusafe|x86
		Release|x64 = Release|x64
		Release|x86 = Release|x86
	EndGlobalSection
	GlobalSection(ProjectConfigurationPlatforms) = postSolution
		{4E0A0AAE-9FD8-420C-9212-679C0EC1A45E}.Debug|x64.ActiveCfg = Debug|x64
		{4E0A0AAE-9FD8-420C-9212-679C0EC1A45E}.Debug|x64.Build.0 = Debug|x64
		{4E0A0AAE-9FD8-420C-9212-679C0EC1A45E}.Debug|x86.ActiveCfg = Debug|Win32
		{4E0A0AAE-9FD8-420C-9212-679C0EC1A45E}.Debug|x86.Build.0 = Debug|Win32
		{4E0A0AAE-9FD8-420C-9212-679C0EC1A45E}.nusafe|x64.ActiveCfg = nusafe|x64
		{4E0A0AAE-9FD8-420C-9212-679C0EC1A45E}.nusafe|x64.Build.0 = nusafe|x64
		{4E0A0AAE-9FD8-420C-9212-679C0EC1A45E}.nusafe|x86.ActiveCfg = nusafe|Win32
		{4E0A0AAE-9FD8-420C-9212-679C0EC1A45E}.nusafe|x86.Build.0 = nusafe|Win32
		{4E0A0AAE-9FD8-420C-9212-679C0EC1A45E}.Release|x64.ActiveCfg = Release|x64
		{4E0A0AAE-9FD8-420C-9212-679C0EC1A45E}.Release|x64.Build.0 = Release|x64
		{4E0A0AAE-9FD8-420C-9212-679C0EC1A45E}.Release|x86.ActiveCfg = Release|Win32
		{4E0A0AAE-9FD8-420C-9212-679C0EC1A45E}.Release|x86.Build.0 = Release|Win32
		{33C91D32-133A-4A10-8A3A-E6101D367B90}.Debug|x64.ActiveCfg = Debug|x64
		{33C91D32-133A-4A10-8A3A-E6101D367B90}.Debug|x64.Build.0 = Debug|x64
		{33C91D32-133A-4A10-8A3A-E6101D367B90}.Debug|x86.ActiveCfg = Debug|Win32
		{33C91D32-133A-4A10-8A3A-E6101D367B90}.Debug|x86.Build.0 = Debug|Win32
		{33C91D32-133A-4A10-8A3A-E6101D367B90}.nusafe|x64.ActiveCfg = nusafe|x64
		{33C91D32-133A-4A10-8A3A-E6101D367B90}.nusafe|x64.Build.0 = nusafe|x64
		{33C91D32-133A-4A10-8A3A-E6101D367B90}.nusafe|x86.ActiveCfg = nusafe|Win32
		{33C91D32-133A-4A10-8A3A-E6101D367B90}.nusafe|x86.Build.0 = nusafe|Win32
		{33C91D32-133A-4A10-8A3A-E6101D367B90}.Release|x64.ActiveCfg = Release|x64
		{33C91D32-133A-4A10-8A3A-E6101D367B90}.Release|x64.Build.0 = Release|x64
		{33C91D32-133A-4A10-8A3A-E6101D367B90}.Release|x86.ActiveCfg = Release|Win32
		{33C91D32-133A-4A10-8A3A-E6101D367B90}.Release|x86.Build.0 = Release|Win32
		{74C30B7C-6B58-4372-8E11-43BBE02182A2}.Debug|x64.ActiveCfg = Debug|x64
		{74C30B7C-6B58-4372-8E11-43BBE02182A2}.Debug|x64.Build.0 = Debug|x64
		{74C30B7C-6B58-4372-8E11-43BBE02182A2}.Debug|x86.ActiveCfg = Debug|Win32
		{74C30B7C-6B58-4372-8E11-43BBE02182A2}.Debug|x86.Build.0 = Debug|Win32
		{74C30B7C-6B58-4372-8E11-43BBE02182A2}.nusafe|x64.ActiveCfg = nusafe|x64
		{74C30B7C-6B58-4372-8E11-43BBE02182A2}.nusafe|x64.Build.0 = nusafe|x64
		{74C30B7C-6B58-4372-8E11-43BBE02182A2}.nusafe|x86.ActiveCfg = nusafe|Win32
		{74C30B7C-6B58-4372-8E11-43BBE02182A2}.nusafe|x86.Build.0 = nusafe|Win32
		{74C30B7C-6B58-4372-8E11-43BBE02182A2}.Release|x64.ActiveCfg = Release|x64
		{74C30B7C-6B58-4372-8E11-43BBE02182A2}.Release|x64.Build.0 = Release|x64
		{74C30B7C-6B58-4372-8E11-43BBE02182A2}.Release|x86.ActiveCfg = Release|Win32
		{74C30B7C-6B58-4372-8E11-43BBE02182A2}.Release|x86.Build.0 = Release|Win32
		{6A4E7711-EA64-4C0C-9D12-CD8C1CB76A43}.Debug|x64.ActiveCfg = Debug|x64
		{6A4E7711-EA64-4C0C-9D12-CD8C1CB76A43}.Debug|x64.Build.0 = Debug|x64
		{6A4E7711-EA64-4C0C-9D12-CD8C1CB76A43}.Debug|x86.ActiveCfg = Debug|Win32
		{6A4E7711-EA64-4C0C-9D12-CD8C1CB76A43}.Debug|x86.Build.0 = Debug|Win32
		{6A4E7711-EA64-4C0C-9D12-CD8C1CB76A43}.nusafe|x64.ActiveCfg = nusafe|x64
		{6A4E7711-EA64-4C0C-9D12-CD8C1CB76A43}.nusafe|x64.Build.0 = nusafe|x64
		{6A4E7711-EA64-4C0C-9D12-CD8C1CB76A43}.nusafe|x86.ActiveCfg = nusafe|Win32
		{6A4E7711-EA64-4C0C-9D12-CD8C1CB76A43}.nusafe|x86.Build.0 = nusafe|Win32
		{6A4E7711-EA64-4C0C-9D12-CD8C1CB76A43}.Release|x64.ActiveCfg = Release|x64
		{6A4E7711-EA64-4C0C-9D12-CD8C1CB76A43}.Release|x64.Build.0 = Release|x64
		{6A4E7711-EA64-4C0C-9D12-CD8C1CB76A43}.Release|x86.ActiveCfg = Release|Win32
		{6A4E7711-EA64-4C0C-9D12-CD8C1CB76A43}.Release|x86.Build.0 = Release|Win32
		{11EAE3E8-1989-435D-B285-6D759468E8D7}.Debug|x64.ActiveCfg = Debug|x64
		{11EAE3E8-1989-435D-B285-6D759468E8D7}.Debug|x64.Build.0 = Debug|x64
		{11EAE3E8-1989-435D-B285-6D759468E8D7}.Debug|x86.ActiveCfg = Debug|Win32
		{11EAE3E8-1989-435D-B285-6D759468E8D7}.Debug|x86.Build.0 = Debug|Win32
		{11EAE3E8-1989-435D-B285-6D759468E8D7}.nusafe|x64.ActiveCfg = nusafe|x64
		{11EAE3E8-1989-435D-B285-6D759468E8D7}.nusafe|x64.Build.0 = nusafe|x64
		{11EAE3E8-1989-435D-B285-6D759468E8D7}.nusafe|x86.ActiveCfg = nusafe|Win32
		{11EAE3E8-1989-435D-B285-6D759468E8D7}.nusafe|x86.Build.0 = nusafe|Win32
		{11EAE3E8-1989-435D-B285-6D759468E8D7}.Release|x64.ActiveCfg = Release|x64
		{11EAE3E8-1989-435D-B285-6D759468E8D7}.Release|x64.Build.0 = Release|x64
		{11EAE3E8-1989-435D-B285-6D759468E8D7}.Release|x86.ActiveCfg = Release|Win32
		{11EAE3E8-1989-435D-B285-6D759468E8D7}.Release|x86.Build.0 = Release|Win32
		{8510FAA9-FC01-416A-8B51-44C1E6E610DC}.Debug|x64.ActiveCfg = Debug|x64
		{8510FAA9-FC01-416A-8B51-44C1E6E610DC}.Debug|x64.Build.0 = Debug|x64
		{8510FAA9-FC01-416A-8B51-44C1E6E610DC}.Debug|x86.ActiveCfg = Debug|Win32
		{8510FAA9-FC01-416A-8B51-44C1E6E610DC}.Debug|x86.Build.0 = Debug|Win32
		{8510FAA9-FC01-416A-8B51-44C1E6E610DC}.nusafe|x64.ActiveCfg = nusafe|x64
		{8510FAA9-FC01-416A-8B51-44C1E6E610DC}.nusafe|x64.Build.0 = nusafe|x64
		{8510FAA9-FC01-416A-8B51-44C1E6E610DC}.nusafe|x86.ActiveCfg = nusafe|Win32
		{8510FAA9-FC01-416A-8B51-44C1E6E610DC}.nusafe|x86.Build.0 = nusafe|Win32
		{8510FAA9-FC01-416A-8B51-44C1E6E610DC}.Release|x64.ActiveCfg = Release|x64
		{8510FAA9-FC01-416A-8B51-44C1E6E610DC}.Release|x64.Build.0 = Release|x64
		{8510FAA9-FC01-416A-8B51-44C1E6E610DC}.Release|x86.ActiveCfg = Release|Win32
		{8510FAA9-FC01-416A-8B51-44C1E6E610DC}.Release|x86.Build.0 = Release|Win32
		{7F332767-F288-4F16-B55D-B09E91FC41C6}.Debug|x64.ActiveCfg = Debug|x64
		{7F332767-F288-4F16-B55D-B09E91FC41C6}.Debug|x64.Build.0 = Debug|x64
		{7F332767-F288-4F16-B55D-B09E91FC41C6}.Debug|x86.ActiveCfg = Debug|Win32
		{7F332767-F288-4F16-B55D-B09E91FC41C6}.Debug|x86.Build.0 = Debug|Win32
		{7F332767-F288-4F16-B55D-B09E91FC41C6}.nusafe|x64.ActiveCfg = nusafe|x64
		{7F332767-F288-4F16-B55D-B09E91FC41C6}.nusafe|x64.Build.0 = nusafe|x64
		{7F332767-F288-4F16-B55D-B09E91FC41C6}.nusafe|x86.ActiveCfg = nusafe|Win32
		{7F332767-F288-4F16-B55D-B09E91FC41C6}.nusafe|x86.Build.0 = nusafe|Win32
		{7F332767-F288-4F16-B55D-B09E91FC41C6}.Release|x64.ActiveCfg = Release|x64
		{7F332767-F288-4F16-B55D-B09E91FC41C6}.Release|x64.Build.0 = Release|x64
		{7F332767-F288-4F16-B55D-B09E91FC41C6}.Release|x86.ActiveCfg = Release|Win32
		{7F332767-F288-4F16-B55D-B09E91FC41C6}.Release|x86.Build.0 = Release|Win32
		{A53ADD19-36AE-47B8-BF94-D3A0FD72BB15}.Debug|x64.ActiveCfg = Debug|x64
		{A53ADD19-36AE-47B8-BF94-D3A0FD72BB15}.Debug|x64.Build.0 = Debug|x64
		{A53ADD19-36AE-47B8-BF94-D3A0FD72BB15}.Debug|x86.ActiveCfg = Debug|Win32
		{A53ADD19-36AE-47B8-BF94-D3A0FD72BB15}.Debug|x86.Build.0 = Debug|Win32
		{A53ADD19-36AE-47B8-BF94-D3A0FD72BB15}.nusafe|x64.ActiveCfg = nusafe|x64
		{A53ADD19-36AE-47B8-BF94-D3A0FD72BB15}.nusafe|x64.Build.0 = nusafe|x64
		{A53ADD19-36AE-47B8-BF94-D3A0FD72BB15}.nusafe|x86.ActiveCfg = nusafe|Win32
		{A53ADD19-36AE-47B8-BF94-D3A0FD72BB15}.nusafe|x86.Build.0 = nusafe|Win32
		{A53ADD19-36AE-47B8-BF94-D3A0FD72BB15}.Release|x64.ActiveCfg = Release|x64
		{A53ADD19-36AE-47B8-BF94-D3A0FD72BB15}.Release|x64.Build.0 = Release|x64
		{A53ADD19-36AE-47B8-BF94-D3A0FD72BB15}.Release|x86.ActiveCfg = Release|Win32
		{A53ADD19-36AE-47B8-BF94-D3A0FD72BB15}.Release|x86.Build.0 = Release|Win32
		{BBB3860F-43F2-42FA-B3B1-BAE85CBBB227}.Debug|x64.ActiveCfg = Debug|x64
		{BBB3860F-43F2-42FA-B3B1-BAE85CBBB227}.Debug|x64.Build.0 = Debug|x64
		{BBB3860F-43F2-42FA-B3B1-BAE85CBBB227}.Debug|x86.ActiveCfg = Debug|Win32
		{BBB3860F-43F2-42FA-B3B1-BAE85CBBB227}.Debug|x86.Build.0 = Debug|Win32
		{BBB3860F-43F2-42FA-B3B1-BAE85CBBB227}.nusafe|x64.ActiveCfg = nusafe|x64
		{BBB3860F-43F2-42FA-B3B1-BAE85CBBB227}.nusafe|x64.Build.0 = nusafe|x64
		{BBB3860F-43F2-42FA-B3B1-BAE85CBBB227}.nusafe|x86.ActiveCfg = nusafe|Win32
		{BBB3860F-43F2-42FA-B3B1-BAE85CBBB227}.nusafe|x86.Build.0 = nusafe|Win32
		{BBB3860F-43F2-42FA-B3B1-BAE85CBBB227}.Release|x64.ActiveCfg = Release|x64
		{BBB3860F-43F2-42FA-B3B1-BAE85CBBB227}.Release|x64.Build.0 = Release|x64
		{BBB3860F-43F2-42FA-B3B1-BAE85CBBB227}.Release|x86.ActiveCfg = Release|Win32
		{BBB3860F-43F2-42FA-B3B1-BAE85CBBB227}.Release|x86.Build.0 = Release|Win32
		{F6EAE571-8028-4BDE-AC6C-032AE6F28593}.Debug|x64.ActiveCfg = Debug|x64
		{F6EAE571-8028-4BDE-AC6C-032AE6F28593}.Debug|x64.Build.0 = Debug|x64
		{F6EAE571-8028-4BDE-AC6C-032AE6F28593}.Debug|x86.ActiveCfg = Debug|Win32
		{F6EAE571-8028-4BDE-AC6C-032AE6F28593}.Debug|x86.Build.0 = Debug|Win32
		{F6EAE571-8028-4BDE-AC6C-032AE6F28593}.nusafe|x64.ActiveCfg = nusafe|x64
		{F6EAE571-8028-4BDE-AC6C-032AE6F28593}.nusafe|x64.Build.0 = nusafe|x64
		{F6EAE571-8028-4BDE-AC6C-032AE6F28593}.nusafe|x86.ActiveCfg = nusafe|Win32
		{F6EAE571-8028-4BDE-AC6C-032AE6F28593}.nusafe|x86.Build.0 = nusafe|Win32
		{F6EAE571-8028-4BDE-AC6C-032AE6F28593}.Release|x64.ActiveCfg = Release|x64
		{F6EAE571-8028-4BDE-AC6C-032AE6F28593}.Release|x64.Build.0 = Release|x64
		{F6EAE571-8028-4BDE-AC6C-032AE6F28593}.Release|x86.ActiveCfg = Release|Win32
		{F6EAE571-8028-4BDE-AC6C-032AE6F28593}.Release|x86.Build.0 = Release|Win32
		{07E03804-A820-476F-A134-0AE50B420917}.Debug|x64.ActiveCfg = Debug|x64
		{07E03804-A820-476F-A134-0AE50B420917}.Debug|x64.Build.0 = Debug|x64
		{07E03804-A820-476F-A134-0AE50B420917}.Debug|x86.ActiveCfg = Debug|Win32
		{07E03804-A820-476F-A134-0AE50B420917}.Debug|x86.Build.0 = Debug|Win32
		{07E03804-A820-476F-A134-0AE50B420917}.nusafe|x64.ActiveCfg = nusafe|x64
		{07E03804-A820-476F-A134-0AE50B420917}.nusafe|x64.Build.0 = nusafe|x64
		{07E03804-A820-476F-A134-0AE50B420917}.nusafe|x86.ActiveCfg = nusafe|Win32
		{07E03804-A820-476F-A134-0AE50B420917}.nusafe|x86.Build.0 = nusafe|Win32
		{07E03804-A820-476F-A134-0AE50B420917}.Release|x64.ActiveCfg = Release|x64
		{07E03804-A820-476F-A134-0AE50B420917}.Release|x64.Build.0 = Release|x64
		{07E03804-A820-476F-A134-0AE50B420917}.Release|x86.ActiveCfg = Release|Win32
		{07E03804-A820-476F-A134-0AE50B420917}.Release|x86.Build.0 = Release|Win32
		{F9BAA424-55E6-4879-A540-023A6B92714F}.Debug|x64.ActiveCfg = Debug|x64
		{F9BAA424-55E6-4879-A540-023A6B92714F}.Debug|x64.Build.0 = Debug|x64
		{F9BAA424-55E6-4879-A540-023A6B92714F}.Debug|x86.ActiveCfg = Debug|Win32
		{F9BAA424-55E6-4879-A540-023A6B92714F}.Debug|x86.Build.0 = Debug|Win32
		{F9BAA424-55E6-4879-A540-023A6B92714F}.nusafe|x64.ActiveCfg = Debug|x64
		{F9BAA424-55E6-4879-A540-023A6B92714F}.nusafe|x64.Build.0 = Debug|x64
		{F9BAA424-55E6-4879-A540-023A6B92714F}.nusafe|x86.ActiveCfg = Debug|Win32
		{F9BAA424-55E6-4879-A540-023A6B92714F}.nusafe|x86.Build.0 = Debug|Win32
		{F9BAA424-55E6-4879-A540-023A6B92714F}.Release|x64.ActiveCfg = Release|x64
		{F9BAA424-55E6-4879-A540-023A6B92714F}.Release|x64.Build.0 = Release|x64
		{F9BAA424-55E6-4879-A540-023A6B92714F}.Release|x86.ActiveCfg = Release|Win32
		{F9BAA424-55E6-4879-A540-023A6B92714F}.Release|x86.Build.0 = Release|Win32
		{44451E70-1E5E-4760-AE20-0DD350C0D2A7}.Debug|x64.ActiveCfg = Debug|x64
		{44451E70-1E5E-4760-AE20-0DD350C0D2A7}.Debug|x64.Build.0 = Debug|x64
		{44451E70-1E5E-4760-AE20-0DD350C0D2A7}.Debug|x86.ActiveCfg = Debug|Win32
		{44451E70-1E5E-4760-AE20-0DD350C0D2A7}.Debug|x86.Build.0 = Debug|Win32
		{44451E70-1E5E-4760-AE20-0DD350C0D2A7}.nusafe|x64.ActiveCfg = Debug|x64
		{44451E70-1E5E-4760-AE20-0DD350C0D2A7}.nusafe|x64.Build.0 = Debug|x64
		{44451E70-1E5E-4760-AE20-0DD350C0D2A7}.nusafe|x86.ActiveCfg = Debug|Win32
		{44451E70-1E5E-4760-AE20-0DD350C0D2A7}.nusafe|x86.Build.0 = Debug|Win32
		{44451E70-1E5E-4760-AE20-0DD350C0D2A7}.Release|x64.ActiveCfg = Release|x64
		{44451E70-1E5E-4760-AE20-0DD350C0D2A7}.Release|x64.Build.0 = Release|x64
		{44451E70-1E5E-4760-AE20-0DD350C0D2A7}.Release|x86.ActiveCfg = Release|Win32
		{44451E70-1E5E-4760-AE20-0DD350C0D2A7}.Release|x86.Build.0 = Release|Win32
		{C157EFFC-3E8A-4E6F-A8CD-E324A8437B34}.Debug|x64.ActiveCfg = Debug|x64
		{C157EFFC-3E8A-4E6F-A8CD-E324A8437B34}.Debug|x64.Build.0 = Debug|x64
		{C157EFFC-3E8A-4E6F-A8CD-E324A8437B34}.Debug|x86.ActiveCfg = Debug|Win32
		{C157EFFC-3E8A-4E6F-A8CD-E324A8437B34}.Debug|x86.Build.0 = Debug|Win32
		{C157EFFC-3E8A-4E6F-A8CD-E324A8437B34}.nusafe|x64.ActiveCfg = Debug|x64
		{C157EFFC-3E8A-4E6F-A8CD-E324A8437B34}.nusafe|x64.Build.0 = Debug|x64
		{C157EFFC-3E8A-4E6F-A8CD-E324A8437B34}.nusafe|x86.ActiveCfg = Debug|Win32
		{C157EFFC-3E8A-4E6F-A8CD-E324A8437B34}.nusafe|x86.Build.0 = Debug|Win32
		{C157EFFC-3E8A-4E6F-A8CD-E324A8437B34}.Release|x64.ActiveCfg = Release|x64
		{C157EFFC-3E8A-4E6F-A8CD-E324A8437B34}.Release|x64.Build.0 = Release|x64
		{C157EFFC-3E8A-4E6F-A8CD-E324A8437B34}.Release|x86.ActiveCfg = Release|Win32
		{C157EFFC-3E8A-4E6F-A8CD-E324A8437B34}.Release|x86.Build.0 = Release|Win32
		{188720EF-5F43-4D30-8E9D-B200C6D95027}.Debug|x64.ActiveCfg = Debug|x64
		{188720EF-5F43-4D30-8E9D-B200C6D95027}.Debug|x64.Build.0 = Debug|x64
		{188720EF-5F43-4D30-8E9D-B200C6D95027}.Debug|x86.ActiveCfg = Debug|Win32
		{188720EF-5F43-4D30-8E9D-B200C6D95027}.Debug|x86.Build.0 = Debug|Win32
		{188720EF-5F43-4D30-8E9D-B200C6D95027}.nusafe|x64.ActiveCfg = Debug|x64
		{188720EF-5F43-4D30-8E9D-B200C6D95027}.nusafe|x64.Build.0 = Debug|x64
		{188720EF-5F43-4D30-8E9D-B200C6D95027}.nusafe|x86.ActiveCfg = Debug|Win32
		{188720EF-5F43-4D30-8E9D-B200C6D95027}.nusafe|x86.Build.0 = Debug|Win32
		{188720EF-5F43-4D30-8E9D-B200C6D95027}.Release|x64.ActiveCfg = Release|x64
		{188720EF-5F43-4D30-8E9D-B200C6D95027}.Release|x64.Build.0 = Release|x64
		{188720EF-5F43-4D30-8E9D-B200C6D95027}.Release|x86.ActiveCfg = Release|Win32
		{188720EF-5F43-4D30-8E9D-B200C6D95027}.Release|x86.Build.0 = Release|Win32
		{2B7DB93A-BFA0-480E-ADBA-770B0359AEA1}.Debug|x64.ActiveCfg = Debug|x64
		{2B7DB93A-BFA0-480E-ADBA-770B0359AEA1}.Debug|x64.Build.0 = Debug|x64
		{2B7DB93A-BFA0-480E-ADBA-770B0359AEA1}.Debug|x86.ActiveCfg = Debug|Win32
		{2B7DB93A-BFA0-480E-ADBA-770B0359AEA1}.Debug|x86.Build.0 = Debug|Win32
		{2B7DB93A-BFA0-480E-ADBA-770B0359AEA1}.nusafe|x64.ActiveCfg = Debug|x64
		{2B7DB93A-BFA0-480E-ADBA-770B0359AEA1}.nusafe|x64.Build.0 = Debug|x64
		{2B7DB93A-BFA0-480E-ADBA-770B0359AEA1}.nusafe|x86.ActiveCfg = Debug|Win32
		{2B7DB93A-BFA0-480E-ADBA-770B0359AEA1}.nusafe|x86.Build.0 = Debug|Win32
		{2B7DB93A-BFA0-480E-ADBA-770B0359AEA1}.Release|x64.ActiveCfg = Release|x64
		{2B7DB93A-BFA0-480E-ADBA-770B0359AEA1}.Release|x64.Build.0 = Release|x64
		{2B7DB93A-BFA0-480E-ADBA-770B0359AEA1}.Release|x86.ActiveCfg = Release|Win32
		{2B7DB93A-BFA0-480E-ADBA-770B0359AEA1}.Release|x86.Build.0 = Release|Win32
		{E0CA023B-654E-45DA-B9A4-0F3FEBC2712E}.Debug|x64.ActiveCfg = Debug|x64
		{E0CA023B-654E-45DA-B9A4-0F3FEBC2712E}.Debug|x64.Build.0 = Debug|x64
		{E0CA023B-654E-45DA-B9A4-0F3FEBC2712E}.Debug|x86.ActiveCfg = Debug|Win32
		{E0CA023B-654E-45DA-B9A4-0F3FEBC2712E}.Debug|x86.Build.0 = Debug|Win32
		{E0CA023B-654E-45DA-B9A4-0F3FEBC2712E}.nusafe|x64.ActiveCfg = Debug|x64
		{E0CA023B-654E-45DA-B9A4-0F3FEBC2712E}.nusafe|x64.Build.0 = Debug|x64
		{E0CA023B-654E-45DA-B9A4-0F3FEBC2712E}.nusafe|x86.ActiveCfg = Debug|Win32
		{E0CA023B-654E-45DA-B9A4-0F3FEBC2712E}.nusafe|x86.Build.0 = Debug|Win32
		{E0CA023B-654E-45DA-B9A4-0F3FEBC2712E}.Release|x64.ActiveCfg = Release|x64
		{E0CA023B-654E-45DA-B9A4-0F3FEBC2712E}.Release|x64.Build.0 = Release|x64
		{E0CA023B-654E-45DA-B9A4-0F3FEBC2712E}.Release|x86.ActiveCfg = Release|Win32
		{E0CA023B-654E-45DA-B9A4-0F3FEBC2712E}.Release|x86.Build.0 = Release|Win32
		{A5275A40-667D-4CAF-9C8E-294E8630774C}.Debug|x64.ActiveCfg = Debug|x64
		{A5275A40-667D-4CAF-9C8E-294E8630774C}.Debug|x64.Build.0 = Debug|x64
		{A5275A40-667D-4CAF-9C8E-294E8630774C}.Debug|x86.ActiveCfg = Debug|Win32
		{A5275A40-667D-4CAF-9C8E-294E8630774C}.Debug|x86.Build.0 = Debug|Win32
		{A5275A40-667D-4CAF-9C8E-294E8630774C}.nusafe|x64.ActiveCfg = Debug|x64
		{A5275A40-667D-4CAF-9C8E-294E8630774C}.nusafe|x64.Build.0 = Debug|x64
		{A5275A40-667D-4CAF-9C8E-294E8630774C}.nusafe|x86.ActiveCfg = Debug|Win32
		{A5275A40-667D-4CAF-9C8E-294E8630774C}.nusafe|x86.Build.0 = Debug|Win32
		{A5275A40-667D-4CAF-9C8E-294E8630774C}.Release|x64.ActiveCfg = Release|x64
		{A5275A40-667D-4CAF-9C8E-294E8630774C}.Release|x64.Build.0 = Release|x64
		{A5275A40-667D-4CAF-9C8E-294E8630774C}.Release|x86.ActiveCfg = Release|Win32
		{A5275A40-667D-4CAF-9C8E-294E8630774C}.Release|x86.Build.0 = Release|Win32
		{28592EB6-ABE7-40C4-9CAA-7FADDB11C924}.Debug|x64.ActiveCfg = Debug|x64
		{28592EB6-ABE7-40C4-9CAA-7FADDB11C924}.Debug|x64.Build.0 = Debug|x64
		{28592EB6-ABE7-40C4-9CAA-7FADDB11C924}.Debug|x86.ActiveCfg = Debug|Win32
		{28592EB6-ABE7-40C4-9CAA-7FADDB11C924}.Debug|x86.Build.0 = Debug|Win32
		{28592EB6-ABE7-40C4-9CAA-7FADDB11C924}.nusafe|x64.ActiveCfg = Debug|x64
		{28592EB6-ABE7-40C4-9CAA-7FADDB11C924}.nusafe|x64.Build.0 = Debug|x64
		{28592EB6-ABE7-40C4-9CAA-7FADDB11C924}.nusafe|x86.ActiveCfg = Debug|Win32
		{28592EB6-ABE7-40C4-9CAA-7FADDB11C924}.nusafe|x86.Build.0 = Debug|Win32
		{28592EB6-ABE7-40C4-9CAA-7FADDB11C924}.Release|x64.ActiveCfg = Release|x64
		{28592EB6-ABE7-40C4-9CAA-7FADDB11C924}.Release|x64.Build.0 = Release|x64
		{28592EB6-ABE7-40C4-9CAA-7FADDB11C924}.Release|x86.ActiveCfg = Release|Win32
		{28592EB6-ABE7-40C4-9CAA-7FADDB11C924}.Release|x86.Build.0 = Release|Win32
		{2BBBD613-678D-4822-B2D2-3EB21F99C82A}.Debug|x64.ActiveCfg = Debug|x64
		{2BBBD613-678D-4822-B2D2-3EB21F99C82A}.Debug|x64.Build.0 = Debug|x64
		{2BBBD613-678D-4822-B2D2-3EB21F99C82A}.Debug|x86.ActiveCfg = Debug|Win32
		{2BBBD613-678D-4822-B2D2-3EB21F99C82A}.Debug|x86.Build.0 = Debug|Win32
		{2BBBD613-678D-4822-B2D2-3EB21F99C82A}.nusafe|x64.ActiveCfg = Debug|x64
		{2BBBD613-678D-4822-B2D2-3EB21F99C82A}.nusafe|x64.Build.0 = Debug|x64
		{2BBBD613-678D-4822-B2D2-3EB21F99C82A}.nusafe|x86.ActiveCfg = Debug|Win32
		{2BBBD613-678D-4822-B2D2-3EB21F99C82A}.nusafe|x86.Build.0 = Debug|Win32
		{2BBBD613-678D-4822-B2D2-3EB21F99C82A}.Release|x64.ActiveCfg = Release|x64
		{2BBBD613-678D-4822-B2D2-3EB21F99C82A}.Release|x64.Build.0 = Release|x64
		{2BBBD613-678D-4822-B2D2-3EB21F99C82A}.Release|x86.ActiveCfg = Release|Win32
		{2BBBD613-678D-4822-B2D2-3EB21F99C82A}.Release|x86.Build.0 = Release|Win32
		{C4260B4A-6DB2-41CD-8D0B-349CF3B47CB3}.Debug|x64.ActiveCfg = Debug|x64
		{C4260B4A-6DB2-41CD-8D0B-349CF3B47CB3}.Debug|x64.Build.0 = Debug|x64
		{C4260B4A-6DB2-41CD-8D0B-349CF3B47CB3}.Debug|x86.ActiveCfg = Debug|Win32
		{C4260B4A-6DB2-41CD-8D0B-349CF3B47CB3}.Debug|x86.Build.0 = Debug|Win32
		{C4260B4A-6DB2-41CD-8D0B-349CF3B47CB3}.nusafe|x64.ActiveCfg = Debug|x64
		{C4260B4A-6DB2-41CD-8D0B-349CF3B47CB3}.nusafe|x64.Build.0 = Debug|x64
		{C4260B4A-6DB2-41CD-8D0B-349CF3B47CB3}.nusafe|x86.ActiveCfg = Debug|Win32
		{C4260B4A-6DB2-41CD-8D0B-349CF3B47CB3}.nusafe|x86.Build.0 = Debug|Win32
		{C4260B4A-6DB2-41CD-8D0B-349CF3B47CB3}.Release|x64.ActiveCfg = Release|x64
		{C4260B4A-6DB2-41CD-8D0B-349CF3B47CB3}.Release|x64.Build.0 = Release|x64
		{C4260B4A-6DB2-41CD-8D0B-349CF3B47CB3}.Release|x86.ActiveCfg = Release|Win32
		{C4260B4A-6DB2-41CD-8D0B-349CF3B47CB3}.Release|x86.Build.0 = Release|Win32
		{9BF7EA5C-92F0-4E1D-AE05-5C7CB5B431A0}.Debug|x64.ActiveCfg = Debug|x64
		{9BF7EA5C-92F0-4E1D-AE05-5C7CB5B431A0}.Debug|x64.Build.0 = Debug|x64
		{9BF7EA5C-92F0-4E1D-AE05-5C7CB5B431A0}.Debug|x86.ActiveCfg = Debug|Win32
		{9BF7EA5C-92F0-4E1D-AE05-5C7CB5B431A0}.Debug|x86.Build.0 = Debug|Win32
		{9BF7EA5C-92F0-4E1D-AE05-5C7CB5B431A0}.nusafe|x64.ActiveCfg = Debug|x64
		{9BF7EA5C-92F0-4E1D-AE05-5C7CB5B431A0}.nusafe|x64.Build.0 = Debug|x64
		{9BF7EA5C-92F0-4E1D-AE05-5C7CB5B431A0}.nusafe|x86.ActiveCfg = Debug|Win32
		{9BF7EA5C-92F0-4E1D-AE05-5C7CB5B431A0}.nusafe|x86.Build.0 = Debug|Win32
		{9BF7EA5C-92F0-4E1D-AE05-5C7CB5B431A0}.Release|x64.ActiveCfg = Release|x64
		{9BF7EA5C-92F0-4E1D-AE05-5C7CB5B431A0}.Release|x64.Build.0 = Release|x64
		{9BF7EA5C-92F0-4E1D-AE05-5C7CB5B431A0}.Release|x86.ActiveCfg = Release|Win32
		{9BF7EA5C-92F0-4E1D-AE05-5C7CB5B431A0}.Release|x86.Build.0 = Release|Win32
		{F7830A98-7C32-4E07-B612-BE72E212A7E5}.Debug|x64.ActiveCfg = Debug|x64
		{F7830A98-7C32-4E07-B612-BE72E212A7E5}.Debug|x64.Build.0 = Debug|x64
		{F7830A98-7C32-4E07-B612-BE72E212A7E5}.Debug|x86.ActiveCfg = Debug|Win32
		{F7830A98-7C32-4E07-B612-BE72E212A7E5}.Debug|x86.Build.0 = Debug|Win32
		{F7830A98-7C32-4E07-B612-BE72E212A7E5}.nusafe|x64.ActiveCfg = Debug|x64
		{F7830A98-7C32-4E07-B612-BE72E212A7E5}.nusafe|x64.Build.0 = Debug|x64
		{F7830A98-7C32-4E07-B612-BE72E212A7E5}.nusafe|x86.ActiveCfg = Debug|Win32
		{F7830A98-7C32-4E07-B612-BE72E212A7E5}.nusafe|x86.Build.0 = Debug|Win32
		{F7830A98-7C32-4E07-B612-BE72E212A7E5}.Release|x64.ActiveCfg = Release|x64
		{F7830A98-7C32-4E07-B612-BE72E212A7E5}.Release|x64.Build.0 = Release|x64
		{F7830A98-7C32-4E07-B612-BE72E212A7E5}.Release|x86.ActiveCfg = Release|Win32
		{F7830A98-7C32-4E07-B612-BE72E212A7E5}.Release|x86.Build.0 = Release|Win32
		{2FC317BC-1CFC-4FCA-8F74-4ECEDB32BDE0}.Debug|x64.ActiveCfg = Debug|x64
		{2FC317BC-1CFC-4FCA-8F74-4ECEDB32BDE0}.Debug|x64.Build.0 = Debug|x64
		{2FC317BC-1CFC-4FCA-8F74-4ECEDB32BDE0}.Debug|x86.ActiveCfg = Debug|Win32
		{2FC317BC-1CFC-4FCA-8F74-4ECEDB32BDE0}.Debug|x86.Build.0 = Debug|Win32
		{2FC317BC-1CFC-4FCA-8F74-4ECEDB32BDE0}.nusafe|x64.ActiveCfg = Debug|x64
		{2FC317BC-1CFC-4FCA-8F74-4ECEDB32BDE0}.nusafe|x64.Build.0 = Debug|x64
		{2FC317BC-1CFC-4FCA-8F74-4ECEDB32BDE0}.nusafe|x86.ActiveCfg = Debug|Win32
		{2FC317BC-1CFC-4FCA-8F74-4ECEDB32BDE0}.nusafe|x86.Build.0 = Debug|Win32
		{2FC317BC-1CFC-4FCA-8F74-4ECEDB32BDE0}.Release|x64.ActiveCfg = Release|x64
		{2FC317BC-1CFC-4FCA-8F74-4ECEDB32BDE0}.Release|x64.Build.0 = Release|x64
		{2FC317BC-1CFC-4FCA-8F74-4ECEDB32BDE0}.Release|x86.ActiveCfg = Release|Win32
		{2FC317BC-1CFC-4FCA-8F74-4ECEDB32BDE0}.Release|x86.Build.0 = Release|Win32
		{AD5C0CF8-2497-4A63-A0F7-9E40BA850481}.Debug|x64.ActiveCfg = Debug|x64
		{AD5C0CF8-2497-4A63-A0F7-9E40BA850481}.Debug|x64.Build.0 = Debug|x64
		{AD5C0CF8-2497-4A63-A0F7-9E40BA850481}.Debug|x86.ActiveCfg = Debug|Win32
		{AD5C0CF8-2497-4A63-A0F7-9E40BA850481}.Debug|x86.Build.0 = Debug|Win32
		{AD5C0CF8-2497-4A63-A0F7-9E40BA850481}.nusafe|x64.ActiveCfg = Debug|x64
		{AD5C0CF8-2497-4A63-A0F7-9E40BA850481}.nusafe|x64.Build.0 = Debug|x64
		{AD5C0CF8-2497-4A63-A0F7-9E40BA850481}.nusafe|x86.ActiveCfg = Debug|Win32
		{AD5C0CF8-2497-4A63-A0F7-9E40BA850481}.nusafe|x86.Build.0 = Debug|Win32
		{AD5C0CF8-2497-4A63-A0F7-9E40BA850481}.Release|x64.ActiveCfg = Release|x64
		{AD5C0CF8-2497-4A63-A0F7-9E40BA850481}.Release|x64.Build.0 = Release|x64
		{AD5C0CF8-2497-4A63-A0F7-9E40BA850481}.Release|x86.ActiveCfg = Release|Win32
		{AD5C0CF8-2497-4A63-A0F7-9E40BA850481}.Release|x86.Build.0 = Release|Win32
		{C9AD4EBF-3C71-4F49-8275-858448A7F6E8}.Debug|x64.ActiveCfg = Debug|x64
		{C9AD4EBF-3C71-4F49-8275-858448A7F6E8}.Debug|x64.Build.0 = Debug|x64
		{C9AD4EBF-3C71-4F49-8275-858448A7F6E8}.Debug|x86.ActiveCfg = Debug|Win32
		{C9AD4EBF-3C71-4F49-8275-858448A7F6E8}.Debug|x86.Build.0 = Debug|Win32
		{C9AD4EBF-3C71-4F49-8275-858448A7F6E8}.nusafe|x64.ActiveCfg = Debug|x64
		{C9AD4EBF-3C71-4F49-8275-858448A7F6E8}.nusafe|x64.Build.0 = Debug|x64
		{C9AD4EBF-3C71-4F49-8275-858448A7F6E8}.nusafe|x86.ActiveCfg = Debug|Win32
		{C9AD4EBF-3C71-4F49-8275-858448A7F6E8}.nusafe|x86.Build.0 = Debug|Win32
		{C9AD4EBF-3C71-4F49-8275-858448A7F6E8}.Release|x64.ActiveCfg = Release|x64
		{C9AD4EBF-3C71-4F49-8275-858448A7F6E8}.Release|x64.Build.0 = Release|x64
		{C9AD4EBF-3C71-4F49-8275-858448A7F6E8}.Release|x86.ActiveCfg = Release|Win32
		{C9AD4EBF-3C71-4F49-8275-858448A7F6E8}.Release|x86.Build.0 = Release|Win32
		{BBF2A79C-0306-42A8-AE9E-CC9725EE9B8C}.Debug|x64.ActiveCfg = Debug|x64
		{BBF2A79C-0306-42A8-AE9E-CC9725EE9B8C}.Debug|x64.Build.0 = Debug|x64
		{BBF2A79C-0306-42A8-AE9E-CC9725EE9B8C}.Debug|x86.ActiveCfg = Debug|Win32
		{BBF2A79C-0306-42A8-AE9E-CC9725EE9B8C}.Debug|x86.Build.0 = Debug|Win32
		{BBF2A79C-0306-42A8-AE9E-CC9725EE9B8C}.nusafe|x64.ActiveCfg = Debug|x64
		{BBF2A79C-0306-42A8-AE9E-CC9725EE9B8C}.nusafe|x64.Build.0 = Debug|x64
		{BBF2A79C-0306-42A8-AE9E-CC9725EE9B8C}.nusafe|x86.ActiveCfg = Debug|Win32
		{BBF2A79C-0306-42A8-AE9E-CC9725EE9B8C}.nusafe|x86.Build.0 = Debug|Win32
		{BBF2A79C-0306-42A8-AE9E-CC9725EE9B8C}.Release|x64.ActiveCfg = Release|x64
		{BBF2A79C-0306-42A8-AE9E-CC9725EE9B8C}.Release|x64.Build.0 = Release|x64
		{BBF2A79C-0306-42A8-AE9E-CC9725EE9B8C}.Release|x86.ActiveCfg = Release|Win32
		{BBF2A79C-0306-42A8-AE9E-CC9725EE9B8C}.Release|x86.Build.0 = Release|Win32
		{68C3C5EC-4CBB-44E4-9132-E8754B2B626E}.Debug|x64.ActiveCfg = Debug|x64
		{68C3C5EC-4CBB-44E4-9132-E8754B2B626E}.Debug|x64.Build.0 = Debug|x64
		{68C3C5EC-4CBB-44E4-9132-E8754B2B626E}.Debug|x86.ActiveCfg = Debug|Win32
		{68C3C5EC-4CBB-44E4-9132-E8754B2B626E}.Debug|x86.Build.0 = Debug|Win32
		{68C3C5EC-4CBB-44E4-9132-E8754B2B626E}.nusafe|x64.ActiveCfg = Debug|x64
		{68C3C5EC-4CBB-44E4-9132-E8754B2B626E}.nusafe|x64.Build.0 = Debug|x64
		{68C3C5EC-4CBB-44E4-9132-E8754B2B626E}.nusafe|x86.ActiveCfg = Debug|Win32
		{68C3C5EC-4CBB-44E4-9132-E8754B2B626E}.nusafe|x86.Build.0 = Debug|Win32
		{68C3C5EC-4CBB-44E4-9132-E8754B2B626E}.Release|x64.ActiveCfg = Release|x64
		{68C3C5EC-4CBB-44E4-9132-E8754B2B626E}.Release|x64.Build.0 = Release|x64
		{68C3C5EC-4CBB-44E4-9132-E8754B2B626E}.Release|x86.ActiveCfg = Release|Win32
		{68C3C5EC-4CBB-44E4-9132-E8754B2B626E}.Release|x86.Build.0 = Release|Win32
		{109FB0E9-3867-4401-B621-8DF9FB2ADC81}.Debug|x64.ActiveCfg = Debug|x64
		{109FB0E9-3867-4401-B621-8DF9FB2ADC81}.Debug|x64.Build.0 = Debug|x64
		{109FB0E9-3867-4401-B621-8DF9FB2ADC81}.Debug|x86.ActiveCfg = Debug|Win32
		{109FB0E9-3867-4401-B621-8DF9FB2ADC81}.Debug|x86.Build.0 = Debug|Win32
		{109FB0E9-3867-4401-B621-8DF9FB2ADC81}.nusafe|x64.ActiveCfg = Debug|x64
		{109FB0E9-3867-4401-B621-8DF9FB2ADC81}.nusafe|x64.Build.0 = Debug|x64
		{109FB0E9-3867-4401-B621-8DF9FB2ADC81}.nusafe|x86.ActiveCfg = Debug|Win32
		{109FB0E9-3867-4401-B621-8DF9FB2ADC81}.nusafe|x86.Build.0 = Debug|Win32
		{109FB0E9-3867-4401-B621-8DF9FB2ADC81}.Release|x64.ActiveCfg = Release|x64
		{109FB0E9-3867-4401-B621-8DF9FB2ADC81}.Release|x64.Build.0 = Release|x64
		{109FB0E9-3867-4401-B621-8DF9FB2ADC81}.Release|x86.ActiveCfg = Release|Win32
		{109FB0E9-3867-4401-B621-8DF9FB2ADC81}.Release|x86.Build.0 = Release|Win32
		{2EE78453-4CDA-4A5F-B464-CC21C32B6CFC}.Debug|x64.ActiveCfg = Debug|x64
		{2EE78453-4CDA-4A5F-B464-CC21C32B6CFC}.Debug|x64.Build.0 = Debug|x64
		{2EE78453-4CDA-4A5F-B464-CC21C32B6CFC}.Debug|x86.ActiveCfg = Debug|Win32
		{2EE78453-4CDA-4A5F-B464-CC21C32B6CFC}.Debug|x86.Build.0 = Debug|Win32
		{2EE78453-4CDA-4A5F-B464-CC21C32B6CFC}.nusafe|x64.ActiveCfg = Debug|x64
		{2EE78453-4CDA-4A5F-B464-CC21C32B6CFC}.nusafe|x64.Build.0 = Debug|x64
		{2EE78453-4CDA-4A5F-B464-CC21C32B6CFC}.nusafe|x86.ActiveCfg = Debug|Win32
		{2EE78453-4CDA-4A5F-B464-CC21C32B6CFC}.nusafe|x86.Build.0 = Debug|Win32
		{2EE78453-4CDA-4A5F-B464-CC21C32B6CFC}.Release|x64.ActiveCfg = Release|x64
		{2EE78453-4CDA-4A5F-B464-CC21C32B6CFC}.Release|x64.Build.0 = Release|x64
		{2EE78453-4CDA-4A5F-B464-CC21C32B6CFC}.Release|x86.ActiveCfg = Release|Win32
		{2EE78453-4CDA-4A5F-B464-CC21C32B6CFC}.Release|x86.Build.0 = Release|Win32
		{0E349C4E-30FC-430A-9676-A2D64119E13A}.Debug|x64.ActiveCfg = Debug|x64
		{0E349C4E-30FC-430A-9676-A2D64119E13A}.Debug|x64.Build.0 = Debug|x64
		{0E349C4E-30FC-430A-9676-A2D64119E13A}.Debug|x86.ActiveCfg = Debug|Win32
		{0E349C4E-30FC-430A-9676-A2D64119E13A}.Debug|x86.Build.0 = Debug|Win32
		{0E349C4E-30FC-430A-9676-A2D64119E13A}.nusafe|x64.ActiveCfg = Debug|x64
		{0E349C4E-30FC-430A-9676-A2D64119E13A}.nusafe|x64.Build.0 = Debug|x64
		{0E349C4E-30FC-430A-9676-A2D64119E13A}.nusafe|x86.ActiveCfg = Debug|Win32
		{0E349C4E-30FC-430A-9676-A2D64119E13A}.nusafe|x86.Build.0 = Debug|Win32
		{0E349C4E-30FC-430A-9676-A2D64119E13A}.Release|x64.ActiveCfg = Release|x64
		{0E349C4E-30FC-430A-9676-A2D64119E13A}.Release|x64.Build.0 = Release|x64
		{0E349C4E-30FC-430A-9676-A2D64119E13A}.Release|x86.ActiveCfg = Release|Win32
		{0E349C4E-30FC-430A-9676-A2D64119E13A}.Release|x86.Build.0 = Release|Win32
		{47621BAC-4BD6-4D0D-8B07-897F22242E93}.Debug|x64.ActiveCfg = Debug|x64
		{47621BAC-4BD6-4D0D-8B07-897F22242E93}.Debug|x64.Build.0 = Debug|x64
		{47621BAC-4BD6-4D0D-8B07-897F22242E93}.Debug|x86.ActiveCfg = Debug|Win32
		{47621BAC-4BD6-4D0D-8B07-897F22242E93}.Debug|x86.Build.0 = Debug|Win32
		{47621BAC-4BD6-4D0D-8B07-897F22242E93}.nusafe|x64.ActiveCfg = Debug|x64
		{47621BAC-4BD6-4D0D-8B07-897F22242E93}.nusafe|x64.Build.0 = Debug|x64
		{47621BAC-4BD6-4D0D-8B07-897F22242E93}.nusafe|x86.ActiveCfg = Debug|Win32
		{47621BAC-4BD6-4D0D-8B07-897F22242E93}.nusafe|x86.Build.0 = Debug|Win32
		{47621BAC-4BD6-4D0D-8B07-897F22242E93}.Release|x64.ActiveCfg = Release|x64
		{47621BAC-4BD6-4D0D-8B07-897F22242E93}.Release|x64.Build.0 = Release|x64
		{47621BAC-4BD6-4D0D-8B07-897F22242E93}.Release|x86.ActiveCfg = Release|Win32
		{47621BAC-4BD6-4D0D-8B07-897F22242E93}.Release|x86.Build.0 = Release|Win32
		{2D7FA9D2-3CD5-4174-BCFD-E06FCA0CEFCD}.Debug|x64.ActiveCfg = Debug|x64
		{2D7FA9D2-3CD5-4174-BCFD-E06FCA0CEFCD}.Debug|x64.Build.0 = Debug|x64
		{2D7FA9D2-3CD5-4174-BCFD-E06FCA0CEFCD}.Debug|x86.ActiveCfg = Debug|Win32
		{2D7FA9D2-3CD5-4174-BCFD-E06FCA0CEFCD}.Debug|x86.Build.0 = Debug|Win32
		{2D7FA9D2-3CD5-4174-BCFD-E06FCA0CEFCD}.nusafe|x64.ActiveCfg = Debug|x64
		{2D7FA9D2-3CD5-4174-BCFD-E06FCA0CEFCD}.nusafe|x64.Build.0 = Debug|x64
		{2D7FA9D2-3CD5-4174-BCFD-E06FCA0CEFCD}.nusafe|x86.ActiveCfg = Debug|Win32
		{2D7FA9D2-3CD5-4174-BCFD-E06FCA0CEFCD}.nusafe|x86.Build.0 = Debug|Win32
		{2D7FA9D2-3CD5-4174-BCFD-E06FCA0CEFCD}.Release|x64.ActiveCfg = Release|x64
		{2D7FA9D2-3CD5-4174-BCFD-E06FCA0CEFCD}.Release|x64.Build.0 = Release|x64
		{2D7FA9D2-3CD5-4174-BCFD-E06FCA0CEFCD}.Release|x86.ActiveCfg = Release|Win32
		{2D7FA9D2-3CD5-4174-BCFD-E06FCA0CEFCD}.Release|x86.Build.0 = Release|Win32
		{21D6D746-AF1C-418C-AEEB-E6F4FAC1138D}.Debug|x64.ActiveCfg = Debug|x64
		{21D6D746-AF1C-418C-AEEB-E6F4FAC1138D}.Debug|x64.Build.0 = Debug|x64
		{21D6D746-AF1C-418C-AEEB-E6F4FAC1138D}.Debug|x86.ActiveCfg = Debug|Win32
		{21D6D746-AF1C-418C-AEEB-E6F4FAC1138D}.Debug|x86.Build.0 = Debug|Win32
		{21D6D746-AF1C-418C-AEEB-E6F4FAC1138D}.nusafe|x64.ActiveCfg = Debug|x64
		{21D6D746-AF1C-418C-AEEB-E6F4FAC1138D}.nusafe|x64.Build.0 = Debug|x64
		{21D6D746-AF1C-418C-AEEB-E6F4FAC1138D}.nusafe|x86.ActiveCfg = Debug|Win32
		{21D6D746-AF1C-418C-AEEB-E6F4FAC1138D}.nusafe|x86.Build.0 = Debug|Win32
		{21D6D746-AF1C-418C-AEEB-E6F4FAC1138D}.Release|x64.ActiveCfg = Release|x64
		{21D6D746-AF1C-418C-AEEB-E6F4FAC1138D}.Release|x64.Build.0 = Release|x64
		{21D6D746-AF1C-418C-AEEB-E6F4FAC1138D}.Release|x86.ActiveCfg = Release|Win32
		{21D6D746-AF1C-418C-AEEB-E6F4FAC1138D}.Release|x86.Build.0 = Release|Win32
	EndGlobalSection
	GlobalSection(SolutionProperties) = preSolution
		HideSolutionNode = FALSE
	EndGlobalSection
	GlobalSection(ExtensibilityGlobals) = postSolution
		SolutionGuid = {85E23AA2-8AAF-4E92-BF98-D57181979F1E}
	EndGlobalSection
EndGlobal
